{
  "requires": true,
  "lockfileVersion": 1,
  "dependencies": {
    "node-fetch": {
      "version": "2.6.0",
      "resolved": "https://registry.npmjs.org/node-fetch/-/node-fetch-2.6.0.tgz",
      "integrity": "sha512-8dG4H5ujfvFiqDmVu9fQ5bOHUC15JMjMY/Zumv26oOvvVJjM67KF8koCWIabKQ1GJIa9r2mMZscBq/TbdOcmNA=="
    },
    "what-the-diff": {
      "version": "0.6.0",
      "resolved": "https://registry.npmjs.org/what-the-diff/-/what-the-diff-0.6.0.tgz",
      "integrity": "sha512-8BgQ4uo4cxojRXvCIcqDpH4QHaq0Ksn2P3LYfztylC5LDSwZKuGHf0Wf7sAStjPLTcB8eCB8pJJcPQSWfhZlkg=="
    }
  }
}
